
Microsoft Visual Studio Solution File, Format Version 12.00
# Visual Studio 15
VisualStudioVersion = 15.0.27703.2035
MinimumVisualStudioVersion = 10.0.40219.1
Project("{FAE04EC0-301F-11D3-BF4B-00C04F79EFBC}") = "E-Vaporate", "E-Vaporate\E-Vaporate.csproj", "{946515DC-1F3A-4A29-90A9-AD8CEDAC6F5D}"
EndProject
Global
	GlobalSection(SolutionConfigurationPlatforms) = preSolution
		Debug|Any CPU = Debug|Any CPU
		Release|Any CPU = Release|Any CPU
	EndGlobalSection
	GlobalSection(ProjectConfigurationPlatforms) = postSolution
		{946515DC-1F3A-4A29-90A9-AD8CEDAC6F5D}.Debug|Any CPU.ActiveCfg = Debug|Any CPU
		{946515DC-1F3A-4A29-90A9-AD8CEDAC6F5D}.Debug|Any CPU.Build.0 = Debug|Any CPU
		{946515DC-1F3A-4A29-90A9-AD8CEDAC6F5D}.Release|Any CPU.ActiveCfg = Release|Any CPU
		{946515DC-1F3A-4A29-90A9-AD8CEDAC6F5D}.Release|Any CPU.Build.0 = Release|Any CPU
	EndGlobalSection
	GlobalSection(SolutionProperties) = preSolution
		HideSolutionNode = FALSE
	EndGlobalSection
	GlobalSection(ExtensibilityGlobals) = postSolution
		SolutionGuid = {CC307665-8244-42E7-9A30-BE91AAB680E5}
	EndGlobalSection
EndGlobal
